// !$*UTF8*$!
{
	archiveVersion = 1;
	classes = {
	};
	objectVersion = 46;
	objects = {

/* Begin PBXBuildFile section */
		6E93E9231BF1758C00DFB448 /* main.m in Sources */ = {isa = PBXBuildFile; fileRef = 6E93E9221BF1758C00DFB448 /* main.m */; };
		6E93E9261BF1758C00DFB448 /* AppDelegate.m in Sources */ = {isa = PBXBuildFile; fileRef = 6E93E9251BF1758C00DFB448 /* AppDelegate.m */; };
		6E93E9291BF1758C00DFB448 /* ViewController.m in Sources */ = {isa = PBXBuildFile; fileRef = 6E93E9281BF1758C00DFB448 /* ViewController.m */; };
		6E93E92C1BF1758C00DFB448 /* Main.storyboard in Resources */ = {isa = PBXBuildFile; fileRef = 6E93E92A1BF1758C00DFB448 /* Main.storyboard */; };
		6E93E92E1BF1758C00DFB448 /* Assets.xcassets in Resources */ = {isa = PBXBuildFile; fileRef = 6E93E92D1BF1758C00DFB448 /* Assets.xcassets */; };
		6E93E9311BF1758C00DFB448 /* LaunchScreen.storyboard in Resources */ = {isa = PBXBuildFile; fileRef = 6E93E92F1BF1758C00DFB448 /* LaunchScreen.storyboard */; };
		6E93E93C1BF1758C00DFB448 /* AuthTutorialTests.m in Sources */ = {isa = PBXBuildFile; fileRef = 6E93E93B1BF1758C00DFB448 /* AuthTutorialTests.m */; };
		6E93E9471BF1758D00DFB448 /* AuthTutorialUITests.m in Sources */ = {isa = PBXBuildFile; fileRef = 6E93E9461BF1758D00DFB448 /* AuthTutorialUITests.m */; };
/* End PBXBuildFile section */

/* Begin PBXContainerItemProxy section */
		6E93E9381BF1758C00DFB448 /* PBXContainerItemProxy */ = {
			isa = PBXContainerItemProxy;
			containerPortal = 6E93E9161BF1758C00DFB448 /* Project object */;
			proxyType = 1;
			remoteGlobalIDString = 6E93E91D1BF1758C00DFB448;
			remoteInfo = AuthTutorial;
		};
		6E93E9431BF1758C00DFB448 /* PBXContainerItemProxy */ = {
			isa = PBXContainerItemProxy;
			containerPortal = 6E93E9161BF1758C00DFB448 /* Project object */;
			proxyType = 1;
			remoteGlobalIDString = 6E93E91D1BF1758C00DFB448;
			remoteInfo = AuthTutorial;
		};
/* End PBXContainerItemProxy section */

/* Begin PBXFileReference section */
		6E93E91E1BF1758C00DFB448 /* AuthTutorial.app */ = {isa = PBXFileReference; explicitFileType = wrapper.application; includeInIndex = 0; path = AuthTutorial.app; sourceTree = BUILT_PRODUCTS_DIR; };
		6E93E9221BF1758C00DFB448 /* main.m */ = {isa = PBXFileReference; lastKnownFileType = sourcecode.c.objc; path = main.m; sourceTree = "<group>"; };
		6E93E9241BF1758C00DFB448 /* AppDelegate.h */ = {isa = PBXFileReference; lastKnownFileType = sourcecode.c.h; path = AppDelegate.h; sourceTree = "<group>"; };
		6E93E9251BF1758C00DFB448 /* AppDelegate.m */ = {isa = PBXFileReference; lastKnownFileType = sourcecode.c.objc; path = AppDelegate.m; sourceTree = "<group>"; };
		6E93E9271BF1758C00DFB448 /* ViewController.h */ = {isa = PBXFileReference; lastKnownFileType = sourcecode.c.h; path = ViewController.h; sourceTree = "<group>"; };
		6E93E9281BF1758C00DFB448 /* ViewController.m */ = {isa = PBXFileReference; lastKnownFileType = sourcecode.c.objc; path = ViewController.m; sourceTree = "<group>"; };
		6E93E92B1BF1758C00DFB448 /* Base */ = {isa = PBXFileReference; lastKnownFileType = file.storyboard; name = Base; path = Base.lproj/Main.storyboard; sourceTree = "<group>"; };
		6E93E92D1BF1758C00DFB448 /* Assets.xcassets */ = {isa = PBXFileReference; lastKnownFileType = folder.assetcatalog; path = Assets.xcassets; sourceTree = "<group>"; };
		6E93E9301BF1758C00DFB448 /* Base */ = {isa = PBXFileReference; lastKnownFileType = file.storyboard; name = Base; path = Base.lproj/LaunchScreen.storyboard; sourceTree = "<group>"; };
		6E93E9321BF1758C00DFB448 /* Info.plist */ = {isa = PBXFileReference; lastKnownFileType = text.plist.xml; path = Info.plist; sourceTree = "<group>"; };
		6E93E9371BF1758C00DFB448 /* AuthTutorialTests.xctest */ = {isa = PBXFileReference; explicitFileType = wrapper.cfbundle; includeInIndex = 0; path = AuthTutorialTests.xctest; sourceTree = BUILT_PRODUCTS_DIR; };
		6E93E93B1BF1758C00DFB448 /* AuthTutorialTests.m */ = {isa = PBXFileReference; lastKnownFileType = sourcecode.c.objc; path = AuthTutorialTests.m; sourceTree = "<group>"; };
		6E93E93D1BF1758C00DFB448 /* Info.plist */ = {isa = PBXFileReference; lastKnownFileType = text.plist.xml; path = Info.plist; sourceTree = "<group>"; };
		6E93E9421BF1758C00DFB448 /* AuthTutorialUITests.xctest */ = {isa = PBXFileReference; explicitFileType = wrapper.cfbundle; includeInIndex = 0; path = AuthTutorialUITests.xctest; sourceTree = BUILT_PRODUCTS_DIR; };
		6E93E9461BF1758D00DFB448 /* AuthTutorialUITests.m */ = {isa = PBXFileReference; lastKnownFileType = sourcecode.c.objc; path = AuthTutorialUITests.m; sourceTree = "<group>"; };
		6E93E9481BF1758D00DFB448 /* Info.plist */ = {isa = PBXFileReference; lastKnownFileType = text.plist.xml; path = Info.plist; sourceTree = "<group>"; };
/* End PBXFileReference section */

/* Begin PBXFrameworksBuildPhase section */
		6E93E91B1BF1758C00DFB448 /* Frameworks */ = {
			isa = PBXFrameworksBuildPhase;
			buildActionMask = 2147483647;
			files = (
			);
			runOnlyForDeploymentPostprocessing = 0;
		};
		6E93E9341BF1758C00DFB448 /* Frameworks */ = {
			isa = PBXFrameworksBuildPhase;
			buildActionMask = 2147483647;
			files = (
			);
			runOnlyForDeploymentPostprocessing = 0;
		};
		6E93E93F1BF1758C00DFB448 /* Frameworks */ = {
			isa = PBXFrameworksBuildPhase;
			buildActionMask = 2147483647;
			files = (
			);
			runOnlyForDeploymentPostprocessing = 0;
		};
/* End PBXFrameworksBuildPhase section */

/* Begin PBXGroup section */
		6E93E9151BF1758C00DFB448 = {
			isa = PBXGroup;
			children = (
				6E93E9201BF1758C00DFB448 /* AuthTutorial */,
				6E93E93A1BF1758C00DFB448 /* AuthTutorialTests */,
				6E93E9451BF1758D00DFB448 /* AuthTutorialUITests */,
				6E93E91F1BF1758C00DFB448 /* Products */,
			);
			sourceTree = "<group>";
		};
		6E93E91F1BF1758C00DFB448 /* Products */ = {
			isa = PBXGroup;
			children = (
				6E93E91E1BF1758C00DFB448 /* AuthTutorial.app */,
				6E93E9371BF1758C00DFB448 /* AuthTutorialTests.xctest */,
				6E93E9421BF1758C00DFB448 /* AuthTutorialUITests.xctest */,
			);
			name = Products;
			sourceTree = "<group>";
		};
		6E93E9201BF1758C00DFB448 /* AuthTutorial */ = {
			isa = PBXGroup;
			children = (
				6E93E9241BF1758C00DFB448 /* AppDelegate.h */,
				6E93E9251BF1758C00DFB448 /* AppDelegate.m */,
				6E93E9271BF1758C00DFB448 /* ViewController.h */,
				6E93E9281BF1758C00DFB448 /* ViewController.m */,
				6E93E92A1BF1758C00DFB448 /* Main.storyboard */,
				6E93E92D1BF1758C00DFB448 /* Assets.xcassets */,
				6E93E92F1BF1758C00DFB448 /* LaunchScreen.storyboard */,
				6E93E9321BF1758C00DFB448 /* Info.plist */,
				6E93E9211BF1758C00DFB448 /* Supporting Files */,
			);
			path = AuthTutorial;
			sourceTree = "<group>";
		};
		6E93E9211BF1758C00DFB448 /* Supporting Files */ = {
			isa = PBXGroup;
			children = (
				6E93E9221BF1758C00DFB448 /* main.m */,
			);
			name = "Supporting Files";
			sourceTree = "<group>";
		};
		6E93E93A1BF1758C00DFB448 /* AuthTutorialTests */ = {
			isa = PBXGroup;
			children = (
				6E93E93B1BF1758C00DFB448 /* AuthTutorialTests.m */,
				6E93E93D1BF1758C00DFB448 /* Info.plist */,
			);
			path = AuthTutorialTests;
			sourceTree = "<group>";
		};
		6E93E9451BF1758D00DFB448 /* AuthTutorialUITests */ = {
			isa = PBXGroup;
			children = (
				6E93E9461BF1758D00DFB448 /* AuthTutorialUITests.m */,
				6E93E9481BF1758D00DFB448 /* Info.plist */,
			);
			path = AuthTutorialUITests;
			sourceTree = "<group>";
		};
/* End PBXGroup section */

/* Begin PBXNativeTarget section */
		6E93E91D1BF1758C00DFB448 /* AuthTutorial */ = {
			isa = PBXNativeTarget;
			buildConfigurationList = 6E93E94B1BF1758D00DFB448 /* Build configuration list for PBXNativeTarget "AuthTutorial" */;
			buildPhases = (
				6E93E91A1BF1758C00DFB448 /* Sources */,
				6E93E91B1BF1758C00DFB448 /* Frameworks */,
				6E93E91C1BF1758C00DFB448 /* Resources */,
			);
			buildRules = (
			);
			dependencies = (
			);
			name = AuthTutorial;
			productName = AuthTutorial;
			productReference = 6E93E91E1BF1758C00DFB448 /* AuthTutorial.app */;
			productType = "com.apple.product-type.application";
		};
		6E93E9361BF1758C00DFB448 /* AuthTutorialTests */ = {
			isa = PBXNativeTarget;
			buildConfigurationList = 6E93E94E1BF1758D00DFB448 /* Build configuration list for PBXNativeTarget "AuthTutorialTests" */;
			buildPhases = (
				6E93E9331BF1758C00DFB448 /* Sources */,
				6E93E9341BF1758C00DFB448 /* Frameworks */,
				6E93E9351BF1758C00DFB448 /* Resources */,
			);
			buildRules = (
			);
			dependencies = (
				6E93E9391BF1758C00DFB448 /* PBXTargetDependency */,
			);
			name = AuthTutorialTests;
			productName = AuthTutorialTests;
			productReference = 6E93E9371BF1758C00DFB448 /* AuthTutorialTests.xctest */;
			productType = "com.apple.product-type.bundle.unit-test";
		};
		6E93E9411BF1758C00DFB448 /* AuthTutorialUITests */ = {
			isa = PBXNativeTarget;
			buildConfigurationList = 6E93E9511BF1758D00DFB448 /* Build configuration list for PBXNativeTarget "AuthTutorialUITests" */;
			buildPhases = (
				6E93E93E1BF1758C00DFB448 /* Sources */,
				6E93E93F1BF1758C00DFB448 /* Frameworks */,
				6E93E9401BF1758C00DFB448 /* Resources */,
			);
			buildRules = (
			);
			dependencies = (
				6E93E9441BF1758C00DFB448 /* PBXTargetDependency */,
			);
			name = AuthTutorialUITests;
			productName = AuthTutorialUITests;
			productReference = 6E93E9421BF1758C00DFB448 /* AuthTutorialUITests.xctest */;
			productType = "com.apple.product-type.bundle.ui-testing";
		};
/* End PBXNativeTarget section */

/* Begin PBXProject section */
		6E93E9161BF1758C00DFB448 /* Project object */ = {
			isa = PBXProject;
			attributes = {
				LastUpgradeCheck = 0710;
				ORGANIZATIONNAME = khrno.cl;
				TargetAttributes = {
					6E93E91D1BF1758C00DFB448 = {
						CreatedOnToolsVersion = 7.1;
					};
					6E93E9361BF1758C00DFB448 = {
						CreatedOnToolsVersion = 7.1;
						TestTargetID = 6E93E91D1BF1758C00DFB448;
					};
					6E93E9411BF1758C00DFB448 = {
						CreatedOnToolsVersion = 7.1;
						TestTargetID = 6E93E91D1BF1758C00DFB448;
					};
				};
			};
			buildConfigurationList = 6E93E9191BF1758C00DFB448 /* Build configuration list for PBXProject "AuthTutorial" */;
			compatibilityVersion = "Xcode 3.2";
			developmentRegion = English;
			hasScannedForEncodings = 0;
			knownRegions = (
				en,
				Base,
			);
			mainGroup = 6E93E9151BF1758C00DFB448;
			productRefGroup = 6E93E91F1BF1758C00DFB448 /* Products */;
			projectDirPath = "";
			projectRoot = "";
			targets = (
				6E93E91D1BF1758C00DFB448 /* AuthTutorial */,
				6E93E9361BF1758C00DFB448 /* AuthTutorialTests */,
				6E93E9411BF1758C00DFB448 /* AuthTutorialUITests */,
			);
		};
/* End PBXProject section */

/* Begin PBXResourcesBuildPhase section */
		6E93E91C1BF1758C00DFB448 /* Resources */ = {
			isa = PBXResourcesBuildPhase;
			buildActionMask = 2147483647;
			files = (
				6E93E9311BF1758C00DFB448 /* LaunchScreen.storyboard in Resources */,
				6E93E92E1BF1758C00DFB448 /* Assets.xcassets in Resources */,
				6E93E92C1BF1758C00DFB448 /* Main.storyboard in Resources */,
			);
			runOnlyForDeploymentPostprocessing = 0;
		};
		6E93E9351BF1758C00DFB448 /* Resources */ = {
			isa = PBXResourcesBuildPhase;
			buildActionMask = 2147483647;
			files = (
			);
			runOnlyForDeploymentPostprocessing = 0;
		};
		6E93E9401BF1758C00DFB448 /* Resources */ = {
			isa = PBXResourcesBuildPhase;
			buildActionMask = 2147483647;
			files = (
			);
			runOnlyForDeploymentPostprocessing = 0;
		};
/* End PBXResourcesBuildPhase section */

/* Begin PBXSourcesBuildPhase section */
		6E93E91A1BF1758C00DFB448 /* Sources */ = {
			isa = PBXSourcesBuildPhase;
			buildActionMask = 2147483647;
			files = (
				6E93E9291BF1758C00DFB448 /* ViewController.m in Sources */,
				6E93E9261BF1758C00DFB448 /* AppDelegate.m in Sources */,
				6E93E9231BF1758C00DFB448 /* main.m in Sources */,
			);
			runOnlyForDeploymentPostprocessing = 0;
		};
		6E93E9331BF1758C00DFB448 /* Sources */ = {
			isa = PBXSourcesBuildPhase;
			buildActionMask = 2147483647;
			files = (
				6E93E93C1BF1758C00DFB448 /* AuthTutorialTests.m in Sources */,
			);
			runOnlyForDeploymentPostprocessing = 0;
		};
		6E93E93E1BF1758C00DFB448 /* Sources */ = {
			isa = PBXSourcesBuildPhase;
			buildActionMask = 2147483647;
			files = (
				6E93E9471BF1758D00DFB448 /* AuthTutorialUITests.m in Sources */,
			);
			runOnlyForDeploymentPostprocessing = 0;
		};
/* End PBXSourcesBuildPhase section */

/* Begin PBXTargetDependency section */
		6E93E9391BF1758C00DFB448 /* PBXTargetDependency */ = {
			isa = PBXTargetDependency;
			target = 6E93E91D1BF1758C00DFB448 /* AuthTutorial */;
			targetProxy = 6E93E9381BF1758C00DFB448 /* PBXContainerItemProxy */;
		};
		6E93E9441BF1758C00DFB448 /* PBXTargetDependency */ = {
			isa = PBXTargetDependency;
			target = 6E93E91D1BF1758C00DFB448 /* AuthTutorial */;
			targetProxy = 6E93E9431BF1758C00DFB448 /* PBXContainerItemProxy */;
		};
/* End PBXTargetDependency section */

/* Begin PBXVariantGroup section */
		6E93E92A1BF1758C00DFB448 /* Main.storyboard */ = {
			isa = PBXVariantGroup;
			children = (
				6E93E92B1BF1758C00DFB448 /* Base */,
			);
			name = Main.storyboard;
			sourceTree = "<group>";
		};
		6E93E92F1BF1758C00DFB448 /* LaunchScreen.storyboard */ = {
			isa = PBXVariantGroup;
			children = (
				6E93E9301BF1758C00DFB448 /* Base */,
			);
			name = LaunchScreen.storyboard;
			sourceTree = "<group>";
		};
/* End PBXVariantGroup section */

/* Begin XCBuildConfiguration section */
		6E93E9491BF1758D00DFB448 /* Debug */ = {
			isa = XCBuildConfiguration;
			buildSettings = {
				ALWAYS_SEARCH_USER_PATHS = NO;
				CLANG_CXX_LANGUAGE_STANDARD = "gnu++0x";
				CLANG_CXX_LIBRARY = "libc++";
				CLANG_ENABLE_MODULES = YES;
				CLANG_ENABLE_OBJC_ARC = YES;
				CLANG_WARN_BOOL_CONVERSION = YES;
				CLANG_WARN_CONSTANT_CONVERSION = YES;
				CLANG_WARN_DIRECT_OBJC_ISA_USAGE = YES_ERROR;
				CLANG_WARN_EMPTY_BODY = YES;
				CLANG_WARN_ENUM_CONVERSION = YES;
				CLANG_WARN_INT_CONVERSION = YES;
				CLANG_WARN_OBJC_ROOT_CLASS = YES_ERROR;
				CLANG_WARN_UNREACHABLE_CODE = YES;
				CLANG_WARN__DUPLICATE_METHOD_MATCH = YES;
				"CODE_SIGN_IDENTITY[sdk=iphoneos*]" = "iPhone Developer";
				COPY_PHASE_STRIP = NO;
				DEBUG_INFORMATION_FORMAT = dwarf;
				ENABLE_STRICT_OBJC_MSGSEND = YES;
				ENABLE_TESTABILITY = YES;
				GCC_C_LANGUAGE_STANDARD = gnu99;
				GCC_DYNAMIC_NO_PIC = NO;
				GCC_NO_COMMON_BLOCKS = YES;
				GCC_OPTIMIZATION_LEVEL = 0;
				GCC_PREPROCESSOR_DEFINITIONS = (
					"DEBUG=1",
					"$(inherited)",
				);
				GCC_WARN_64_TO_32_BIT_CONVERSION = YES;
				GCC_WARN_ABOUT_RETURN_TYPE = YES_ERROR;
				GCC_WARN_UNDECLARED_SELECTOR = YES;
				GCC_WARN_UNINITIALIZED_AUTOS = YES_AGGRESSIVE;
				GCC_WARN_UNUSED_FUNCTION = YES;
				GCC_WARN_UNUSED_VARIABLE = YES;
				IPHONEOS_DEPLOYMENT_TARGET = 9.1;
				MTL_ENABLE_DEBUG_INFO = YES;
				ONLY_ACTIVE_ARCH = YES;
				SDKROOT = iphoneos;
			};
			name = Debug;
		};
		6E93E94A1BF1758D00DFB448 /* Release */ = {
			isa = XCBuildConfiguration;
			buildSettings = {
				ALWAYS_SEARCH_USER_PATHS = NO;
				CLANG_CXX_LANGUAGE_STANDARD = "gnu++0x";
				CLANG_CXX_LIBRARY = "libc++";
				CLANG_ENABLE_MODULES = YES;
				CLANG_ENABLE_OBJC_ARC = YES;
				CLANG_WARN_BOOL_CONVERSION = YES;
				CLANG_WARN_CONSTANT_CONVERSION = YES;
				CLANG_WARN_DIRECT_OBJC_ISA_USAGE = YES_ERROR;
				CLANG_WARN_EMPTY_BODY = YES;
				CLANG_WARN_ENUM_CONVERSION = YES;
				CLANG_WARN_INT_CONVERSION = YES;
				CLANG_WARN_OBJC_ROOT_CLASS = YES_ERROR;
				CLANG_WARN_UNREACHABLE_CODE = YES;
				CLANG_WARN__DUPLICATE_METHOD_MATCH = YES;
				"CODE_SIGN_IDENTITY[sdk=iphoneos*]" = "iPhone Developer";
				COPY_PHASE_STRIP = NO;
				DEBUG_INFORMATION_FORMAT = "dwarf-with-dsym";
				ENABLE_NS_ASSERTIONS = NO;
				ENABLE_STRICT_OBJC_MSGSEND = YES;
				GCC_C_LANGUAGE_STANDARD = gnu99;
				GCC_NO_COMMON_BLOCKS = YES;
				GCC_WARN_64_TO_32_BIT_CONVERSION = YES;
				GCC_WARN_ABOUT_RETURN_TYPE = YES_ERROR;
				GCC_WARN_UNDECLARED_SELECTOR = YES;
				GCC_WARN_UNINITIALIZED_AUTOS = YES_AGGRESSIVE;
				GCC_WARN_UNUSED_FUNCTION = YES;
				GCC_WARN_UNUSED_VARIABLE = YES;
				IPHONEOS_DEPLOYMENT_TARGET = 9.1;
				MTL_ENABLE_DEBUG_INFO = NO;
				SDKROOT = iphoneos;
				VALIDATE_PRODUCT = YES;
			};
			name = Release;
		};
		6E93E94C1BF1758D00DFB448 /* Debug */ = {
			isa = XCBuildConfiguration;
			buildSettings = {
				ASSETCATALOG_COMPILER_APPICON_NAME = AppIcon;
				INFOPLIST_FILE = AuthTutorial/Info.plist;
				LD_RUNPATH_SEARCH_PATHS = "$(inherited) @executable_path/Frameworks";
				PRODUCT_BUNDLE_IDENTIFIER = cl.khrno.AuthTutorial;
				PRODUCT_NAME = "$(TARGET_NAME)";
			};
			name = Debug;
		};
		6E93E94D1BF1758D00DFB448 /* Release */ = {
			isa = XCBuildConfiguration;
			buildSettings = {
				ASSETCATALOG_COMPILER_APPICON_NAME = AppIcon;
				INFOPLIST_FILE = AuthTutorial/Info.plist;
				LD_RUNPATH_SEARCH_PATHS = "$(inherited) @executable_path/Frameworks";
				PRODUCT_BUNDLE_IDENTIFIER = cl.khrno.AuthTutorial;
				PRODUCT_NAME = "$(TARGET_NAME)";
			};
			name = Release;
		};
		6E93E94F1BF1758D00DFB448 /* Debug */ = {
			isa = XCBuildConfiguration;
			buildSettings = {
				BUNDLE_LOADER = "$(TEST_HOST)";
				INFOPLIST_FILE = AuthTutorialTests/Info.plist;
				LD_RUNPATH_SEARCH_PATHS = "$(inherited) @executable_path/Frameworks @loader_path/Frameworks";
				PRODUCT_BUNDLE_IDENTIFIER = cl.khrno.AuthTutorialTests;
				PRODUCT_NAME = "$(TARGET_NAME)";
				TEST_HOST = "$(BUILT_PRODUCTS_DIR)/AuthTutorial.app/AuthTutorial";
			};
			name = Debug;
		};
		6E93E9501BF1758D00DFB448 /* Release */ = {
			isa = XCBuildConfiguration;
			buildSettings = {
				BUNDLE_LOADER = "$(TEST_HOST)";
				INFOPLIST_FILE = AuthTutorialTests/Info.plist;
				LD_RUNPATH_SEARCH_PATHS = "$(inherited) @executable_path/Frameworks @loader_path/Frameworks";
				PRODUCT_BUNDLE_IDENTIFIER = cl.khrno.AuthTutorialTests;
				PRODUCT_NAME = "$(TARGET_NAME)";
				TEST_HOST = "$(BUILT_PRODUCTS_DIR)/AuthTutorial.app/AuthTutorial";
			};
			name = Release;
		};
		6E93E9521BF1758D00DFB448 /* Debug */ = {
			isa = XCBuildConfiguration;
			buildSettings = {
				INFOPLIST_FILE = AuthTutorialUITests/Info.plist;
				LD_RUNPATH_SEARCH_PATHS = "$(inherited) @executable_path/Frameworks @loader_path/Frameworks";
				PRODUCT_BUNDLE_IDENTIFIER = cl.khrno.AuthTutorialUITests;
				PRODUCT_NAME = "$(TARGET_NAME)";
				TEST_TARGET_NAME = AuthTutorial;
				USES_XCTRUNNER = YES;
			};
			name = Debug;
		};
		6E93E9531BF1758D00DFB448 /* Release */ = {
			isa = XCBuildConfiguration;
			buildSettings = {
				INFOPLIST_FILE = AuthTutorialUITests/Info.plist;
				LD_RUNPATH_SEARCH_PATHS = "$(inherited) @executable_path/Frameworks @loader_path/Frameworks";
				PRODUCT_BUNDLE_IDENTIFIER = cl.khrno.AuthTutorialUITests;
				PRODUCT_NAME = "$(TARGET_NAME)";
				TEST_TARGET_NAME = AuthTutorial;
				USES_XCTRUNNER = YES;
			};
			name = Release;
		};
/* End XCBuildConfiguration section */

/* Begin XCConfigurationList section */
		6E93E9191BF1758C00DFB448 /* Build configuration list for PBXProject "AuthTutorial" */ = {
			isa = XCConfigurationList;
			buildConfigurations = (
				6E93E9491BF1758D00DFB448 /* Debug */,
				6E93E94A1BF1758D00DFB448 /* Release */,
			);
			defaultConfigurationIsVisible = 0;
			defaultConfigurationName = Release;
		};
		6E93E94B1BF1758D00DFB448 /* Build configuration list for PBXNativeTarget "AuthTutorial" */ = {
			isa = XCConfigurationList;
			buildConfigurations = (
				6E93E94C1BF1758D00DFB448 /* Debug */,
				6E93E94D1BF1758D00DFB448 /* Release */,
			);
			defaultConfigurationIsVisible = 0;
		};
		6E93E94E1BF1758D00DFB448 /* Build configuration list for PBXNativeTarget "AuthTutorialTests" */ = {
			isa = XCConfigurationList;
			buildConfigurations = (
				6E93E94F1BF1758D00DFB448 /* Debug */,
				6E93E9501BF1758D00DFB448 /* Release */,
			);
			defaultConfigurationIsVisible = 0;
		};
		6E93E9511BF1758D00DFB448 /* Build configuration list for PBXNativeTarget "AuthTutorialUITests" */ = {
			isa = XCConfigurationList;
			buildConfigurations = (
				6E93E9521BF1758D00DFB448 /* Debug */,
				6E93E9531BF1758D00DFB448 /* Release */,
			);
			defaultConfigurationIsVisible = 0;
		};
/* End XCConfigurationList section */
	};
	rootObject = 6E93E9161BF1758C00DFB448 /* Project object */;
}
